{
  "version": 4,
  "terraform_version": "1.12.1",
  "serial": 22,
  "lineage": "fa26b683-799c-480b-cda9-0b29dc937d9b",
  "outputs": {
    "cluster_name": {
      "value": "php-cluster",
      "type": "string"
    },
    "mysql_disk_name": {
      "value": "mysql-disk",
      "type": "string"
    }
  },
  "resources": [
    {
      "mode": "data",
      "type": "google_compute_network",
      "name": "vpc",
      "provider": "provider[\"registry.terraform.io/hashicorp/google\"]",
      "instances": [
        {
          "schema_version": 0,
          "attributes": {
            "description": "",
            "gateway_ipv4": "",
            "id": "projects/kubequest-462109/global/networks/main-vpc",
            "internal_ipv6_range": "",
            "name": "main-vpc",
            "project": "kubequest-462109",
            "self_link": "https://www.googleapis.com/compute/v1/projects/kubequest-462109/global/networks/main-vpc",
            "subnetworks_self_links": [
              "https://www.googleapis.com/compute/v1/projects/kubequest-462109/regions/europe-west1/subnetworks/private-subnet",
              "https://www.googleapis.com/compute/v1/projects/kubequest-462109/regions/europe-west1/subnetworks/public-subnet"
            ]
          },
          "sensitive_attributes": [],
          "identity_schema_version": 0
        }
      ]
    },
    {
      "mode": "data",
      "type": "google_compute_subnetwork",
      "name": "private",
      "provider": "provider[\"registry.terraform.io/hashicorp/google\"]",
      "instances": [
        {
          "schema_version": 0,
          "attributes": {
            "description": "",
            "gateway_address": "10.0.2.1",
            "id": "projects/kubequest-462109/regions/europe-west1/subnetworks/private-subnet",
            "internal_ipv6_prefix": "",
            "ip_cidr_range": "10.0.2.0/24",
            "name": "private-subnet",
            "network": "https://www.googleapis.com/compute/v1/projects/kubequest-462109/global/networks/main-vpc",
            "private_ip_google_access": true,
            "project": "kubequest-462109",
            "region": "europe-west1",
            "secondary_ip_range": [
              {
                "ip_cidr_range": "10.96.0.0/14",
                "range_name": "gke-php-cluster-pods-c9a338c0"
              }
            ],
            "self_link": "https://www.googleapis.com/compute/v1/projects/kubequest-462109/regions/europe-west1/subnetworks/private-subnet"
          },
          "sensitive_attributes": [],
          "identity_schema_version": 0
        }
      ]
    },
    {
      "mode": "managed",
      "type": "google_compute_disk",
      "name": "mysql_data",
      "provider": "provider[\"registry.terraform.io/hashicorp/google\"]",
      "instances": [
        {
          "schema_version": 0,
          "attributes": {
            "access_mode": "",
            "async_primary_disk": [],
            "creation_timestamp": "2025-06-09T03:14:45.955-07:00",
            "description": "",
            "disk_encryption_key": [],
            "disk_id": "2002681792211651322",
            "effective_labels": {},
            "enable_confidential_compute": false,
            "guest_os_features": [],
            "id": "projects/kubequest-462109/zones/europe-west1-b/disks/mysql-disk",
            "image": "",
            "label_fingerprint": "42WmSpB8rSM=",
            "labels": {},
            "last_attach_timestamp": "",
            "last_detach_timestamp": "",
            "licenses": [],
            "name": "mysql-disk",
            "physical_block_size_bytes": 4096,
            "project": "kubequest-462109",
            "provisioned_iops": 0,
            "provisioned_throughput": 0,
            "self_link": "https://www.googleapis.com/compute/v1/projects/kubequest-462109/zones/europe-west1-b/disks/mysql-disk",
            "size": 10,
            "snapshot": "",
            "source_disk": "",
            "source_disk_id": "",
            "source_image_encryption_key": [],
            "source_image_id": "",
            "source_snapshot_encryption_key": [],
            "source_snapshot_id": "",
            "storage_pool": "",
            "terraform_labels": {},
            "timeouts": null,
            "type": "pd-balanced",
            "users": [],
            "zone": "europe-west1-b"
          },
          "sensitive_attributes": [],
          "identity_schema_version": 0,
          "private": "eyJlMmJmYjczMC1lY2FhLTExZTYtOGY4OC0zNDM2M2JjN2M0YzAiOnsiY3JlYXRlIjoxMjAwMDAwMDAwMDAwLCJkZWxldGUiOjEyMDAwMDAwMDAwMDAsInVwZGF0ZSI6MTIwMDAwMDAwMDAwMH19"
        }
      ]
    },
    {
      "mode": "managed",
      "type": "google_container_cluster",
      "name": "gke",
      "provider": "provider[\"registry.terraform.io/hashicorp/google\"]",
      "instances": [
        {
          "schema_version": 2,
          "attributes": {
            "addons_config": [
              {
                "cloudrun_config": [],
                "config_connector_config": [],
                "dns_cache_config": [],
                "gce_persistent_disk_csi_driver_config": [
                  {
                    "enabled": true
                  }
                ],
                "gcp_filestore_csi_driver_config": [],
                "gcs_fuse_csi_driver_config": [],
                "gke_backup_agent_config": [],
                "horizontal_pod_autoscaling": [],
                "http_load_balancing": [],
                "network_policy_config": [
                  {
                    "disabled": true
                  }
                ],
                "ray_operator_config": [],
                "stateful_ha_config": []
              }
            ],
            "allow_net_admin": null,
            "authenticator_groups_config": [],
            "binary_authorization": [
              {
                "enabled": false,
                "evaluation_mode": ""
              }
            ],
            "cluster_autoscaling": [
              {
                "auto_provisioning_defaults": [],
                "auto_provisioning_locations": [],
                "autoscaling_profile": "BALANCED",
                "enabled": false,
                "resource_limits": []
              }
            ],
            "cluster_ipv4_cidr": "10.96.0.0/14",
            "confidential_nodes": [],
            "cost_management_config": [],
            "database_encryption": [
              {
                "key_name": "",
                "state": "DECRYPTED"
              }
            ],
            "datapath_provider": "",
            "default_max_pods_per_node": 110,
            "default_snat_status": [
              {
                "disabled": false
              }
            ],
            "deletion_protection": true,
            "description": "",
            "dns_config": [],
            "enable_autopilot": false,
            "enable_cilium_clusterwide_network_policy": false,
            "enable_intranode_visibility": false,
            "enable_k8s_beta_apis": [],
            "enable_kubernetes_alpha": false,
            "enable_l4_ilb_subsetting": false,
            "enable_legacy_abac": false,
            "enable_multi_networking": false,
            "enable_shielded_nodes": true,
            "enable_tpu": false,
            "endpoint": "34.76.194.230",
            "fleet": [],
            "gateway_api_config": [],
            "id": "projects/kubequest-462109/locations/europe-west1-b/clusters/php-cluster",
            "identity_service_config": [],
            "initial_node_count": 1,
            "ip_allocation_policy": [
              {
                "additional_pod_ranges_config": [],
                "cluster_ipv4_cidr_block": "10.96.0.0/14",
                "cluster_secondary_range_name": "gke-php-cluster-pods-c9a338c0",
                "pod_cidr_overprovision_config": [
                  {
                    "disabled": false
                  }
                ],
                "services_ipv4_cidr_block": "34.118.224.0/20",
                "services_secondary_range_name": "",
                "stack_type": "IPV4"
              }
            ],
            "label_fingerprint": "a9dc16a7",
            "location": "europe-west1-b",
            "logging_config": [
              {
                "enable_components": [
                  "SYSTEM_COMPONENTS",
                  "WORKLOADS"
                ]
              }
            ],
            "logging_service": "logging.googleapis.com/kubernetes",
            "maintenance_policy": [],
            "master_auth": [
              {
                "client_certificate": "",
                "client_certificate_config": [
                  {
                    "issue_client_certificate": false
                  }
                ],
                "client_key": "",
                "cluster_ca_certificate": "LS0tLS1CRUdJTiBDRVJUSUZJQ0FURS0tLS0tCk1JSUVMVENDQXBXZ0F3SUJBZ0lSQU45ZythN0taVHpNMzdidzJNNmEwTEV3RFFZSktvWklodmNOQVFFTEJRQXcKTHpFdE1Dc0dBMVVFQXhNa016RTFORFU0TlRJdFpqZzJOaTAwWldKakxUbG1OVFF0TVRZMFpXTmhNbVU1TVdaaApNQ0FYRFRJMU1EWXdPVEE1TWprME5Gb1lEekl3TlRVd05qQXlNVEF5T1RRMFdqQXZNUzB3S3dZRFZRUURFeVF6Ck1UVTBOVGcxTWkxbU9EWTJMVFJsWW1NdE9XWTFOQzB4TmpSbFkyRXlaVGt4Wm1Fd2dnR2lNQTBHQ1NxR1NJYjMKRFFFQkFRVUFBNElCandBd2dnR0tBb0lCZ1FEbkp0Yyt1a2dtUUV4UFlocFVNUW44MVJURFdYQ3FGaHNWQ0RHWgpEWnpya0ZvTGhrZWVpQWJEaHpwUGV2Nm9mbHdDZ1hjVXRDTmQxZU9jSDhKOEc3MGhnZFJicndoZVFESDVGY3Q4CnFlbXVCcG5wWS83TXVCcnBpNzRXSVNZMzgxR3paNW5peFRYTUxCM0U2RmNOSnA1ampQWXdXMnN5OXk0Ly9lN0YKNjNvcCtoNFdxd2lDTWF1YzRiUFVZVDhOZXV6bmVDV1k0QjVIbFN4RzhBUzhyN21XMkcySEVkMnZrUjAvd296NwpMMFJKcjdWUFFMYnBmYUJMOFloVHkwSjdCU1hPRHIwcjVGOXFtSTJvR3ErMnBleEZUd0s3UDgxVHlVcFVtdVlICkV5NlJwZWErRHdPZElXQXU3YTdwT0UyR0ZpMHlRYWk5TVlwTEFiZnYvTXZidU5CTnpLaXpTcVRrMTFsc09oeEwKejRTbzdTbDZ2MkptdVNUSUdVaWh6ZWdoV2Z5a3FFemNnWThHSUFOLzJHYUowMmNtZ01iaGJUWEN3aWF3bXJoKwpQK1pVQXlReWZUUWxvYitEUWo1dkdmZkh3SERuMjd2K1pnd2pxN0gwZjh5bVoxL05JMU5UOElFSGlSMmNHeVRwCmg5TThic0gwaG9GUmxnNDBBY01sT1crQzZia0NBd0VBQWFOQ01FQXdEZ1lEVlIwUEFRSC9CQVFEQWdJRU1BOEcKQTFVZEV3RUIvd1FGTUFNQkFmOHdIUVlEVlIwT0JCWUVGTTluZUlzRitLNkVxZm5MTERaNWIyU1hvTWEvTUEwRwpDU3FHU0liM0RRRUJDd1VBQTRJQmdRQldJSlZGOU12RG1kK1FmNE9aUTRXeUtnNXhJVmIvcGt4WFNzdUxHRWZqCkR2RHRzRmFQQWxDZXptbXFzUDlrMmQ0bkdYcnB5WUlja1l4OWNOYmhCalN2SGR0SCtzaDROSGkwUHhkRDBOa3QKT0tzV2lPMlJIUEs3TDFRbTFNWUU3K25IdUJJUXIzUmZVOS9KVzV1RS9pNFZTVndSU1FRYU1EYmFGZCtWY21yTwo2Sk5BYkF4ZFR2U2hPSFlMWHJodXJyM2NFdllBMWpCTm1KQUh1WDl2NWFuZzRGd29aMXdrL0xPeGtnZWFoa2xTCk5za3lRQkxkRDNKWkN2TnZGVFFRR2hVZXNOVDBmRTk2NEU0U2h1SENZMU9YRHE0THQ2NnNMclovZWN4ZzFYS1kKWU45KzlzR3dlUU00YTdhZFdyUTlKT2U4VmxuNERxZkZFY3hwdmJCTmNFRWdRTTJnRG4reVBCNU9RQk5HZytTVgpreHhHdkxzWEV0UzhDakdieC9ackRhbVRRSzdrNjNJemVhTkRJUHYrNTNyamtVTVVIQXVaNTFwcTJacjlDZE9lCmlxRVozNTBlVXZFZm9raE5aNUoyc0I2WldTZ0RUYUxTMXhMb0dpV2NNc0lXKzcxWGJwTHdKQnhJTE9xbHdMRDEKalpjbStremxOczM5eFc5L3UvUHZoTHM9Ci0tLS0tRU5EIENFUlRJRklDQVRFLS0tLS0K"
              }
            ],
            "master_authorized_networks_config": [],
            "master_version": "1.32.4-gke.1236007",
            "mesh_certificates": [],
            "min_master_version": null,
            "monitoring_config": [
              {
                "advanced_datapath_observability_config": [
                  {
                    "enable_metrics": false,
                    "enable_relay": false,
                    "relay_mode": "DISABLED"
                  }
                ],
                "enable_components": [
                  "SYSTEM_COMPONENTS",
                  "STATEFULSET",
                  "JOBSET",
                  "STORAGE",
                  "HPA",
                  "POD",
                  "DAEMONSET",
                  "DEPLOYMENT",
                  "CADVISOR",
                  "KUBELET",
                  "DCGM"
                ],
                "managed_prometheus": [
                  {
                    "enabled": true
                  }
                ]
              }
            ],
            "monitoring_service": "monitoring.googleapis.com/kubernetes",
            "name": "php-cluster",
            "network": "projects/kubequest-462109/global/networks/main-vpc",
            "network_policy": [
              {
                "enabled": false,
                "provider": "PROVIDER_UNSPECIFIED"
              }
            ],
            "networking_mode": "VPC_NATIVE",
            "node_config": [
              {
                "advanced_machine_features": [],
                "boot_disk_kms_key": "",
                "confidential_nodes": [],
                "containerd_config": [],
                "disk_size_gb": 100,
                "disk_type": "pd-balanced",
                "effective_taints": [],
                "enable_confidential_storage": false,
                "ephemeral_storage_local_ssd_config": [],
                "fast_socket": [],
                "gcfs_config": [],
                "guest_accelerator": [],
                "gvnic": [],
                "host_maintenance_policy": [],
                "image_type": "COS_CONTAINERD",
                "kubelet_config": [
                  {
                    "cpu_cfs_quota": false,
                    "cpu_cfs_quota_period": "",
                    "cpu_manager_policy": "",
                    "insecure_kubelet_readonly_port_enabled": "FALSE",
                    "pod_pids_limit": 0
                  }
                ],
                "labels": {},
                "linux_node_config": [],
                "local_nvme_ssd_block_config": [],
                "local_ssd_count": 0,
                "logging_variant": "DEFAULT",
                "machine_type": "e2-small",
                "metadata": {
                  "disable-legacy-endpoints": "true"
                },
                "min_cpu_platform": "",
                "node_group": "",
                "oauth_scopes": [
                  "https://www.googleapis.com/auth/cloud-platform"
                ],
                "preemptible": false,
                "reservation_affinity": [],
                "resource_labels": {
                  "goog-gke-node-pool-provisioning-model": "on-demand"
                },
                "resource_manager_tags": {},
                "secondary_boot_disks": [],
                "service_account": "default",
                "shielded_instance_config": [
                  {
                    "enable_integrity_monitoring": true,
                    "enable_secure_boot": false
                  }
                ],
                "sole_tenant_config": [],
                "spot": false,
                "tags": [],
                "taint": [],
                "workload_metadata_config": []
              }
            ],
            "node_locations": [],
            "node_pool": [
              {
                "autoscaling": [
                  {
                    "location_policy": "BALANCED",
                    "max_node_count": 4,
                    "min_node_count": 1,
                    "total_max_node_count": 0,
                    "total_min_node_count": 0
                  }
                ],
                "initial_node_count": 1,
                "instance_group_urls": [
                  "https://www.googleapis.com/compute/v1/projects/kubequest-462109/zones/europe-west1-b/instanceGroupManagers/gke-php-cluster-terraform-20250609153-4a312293-grp"
                ],
                "managed_instance_group_urls": [
                  "https://www.googleapis.com/compute/v1/projects/kubequest-462109/zones/europe-west1-b/instanceGroups/gke-php-cluster-terraform-20250609153-4a312293-grp"
                ],
                "management": [
                  {
                    "auto_repair": true,
                    "auto_upgrade": true
                  }
                ],
                "max_pods_per_node": 110,
                "name": "terraform-20250609153528761200000001",
                "name_prefix": "",
                "network_config": [
                  {
                    "additional_node_network_configs": [],
                    "additional_pod_network_configs": [],
                    "create_pod_range": false,
                    "enable_private_nodes": false,
                    "network_performance_config": [],
                    "pod_cidr_overprovision_config": [],
                    "pod_ipv4_cidr_block": "10.96.0.0/14",
                    "pod_range": "gke-php-cluster-pods-c9a338c0"
                  }
                ],
                "node_config": [
                  {
                    "advanced_machine_features": [],
                    "boot_disk_kms_key": "",
                    "confidential_nodes": [],
                    "containerd_config": [],
                    "disk_size_gb": 100,
                    "disk_type": "pd-balanced",
                    "effective_taints": [],
                    "enable_confidential_storage": false,
                    "ephemeral_storage_local_ssd_config": [],
                    "fast_socket": [],
                    "gcfs_config": [],
                    "guest_accelerator": [],
                    "gvnic": [],
                    "host_maintenance_policy": [],
                    "image_type": "COS_CONTAINERD",
                    "kubelet_config": [
                      {
                        "cpu_cfs_quota": false,
                        "cpu_cfs_quota_period": "",
                        "cpu_manager_policy": "",
                        "insecure_kubelet_readonly_port_enabled": "FALSE",
                        "pod_pids_limit": 0
                      }
                    ],
                    "labels": {},
                    "linux_node_config": [],
                    "local_nvme_ssd_block_config": [],
                    "local_ssd_count": 0,
                    "logging_variant": "DEFAULT",
                    "machine_type": "e2-small",
                    "metadata": {
                      "disable-legacy-endpoints": "true"
                    },
                    "min_cpu_platform": "",
                    "node_group": "",
                    "oauth_scopes": [
                      "https://www.googleapis.com/auth/cloud-platform"
                    ],
                    "preemptible": false,
                    "reservation_affinity": [],
                    "resource_labels": {
                      "goog-gke-node-pool-provisioning-model": "on-demand"
                    },
                    "resource_manager_tags": {},
                    "secondary_boot_disks": [],
                    "service_account": "default",
                    "shielded_instance_config": [
                      {
                        "enable_integrity_monitoring": true,
                        "enable_secure_boot": false
                      }
                    ],
                    "sole_tenant_config": [],
                    "spot": false,
                    "tags": [],
                    "taint": [],
                    "workload_metadata_config": []
                  }
                ],
                "node_count": 2,
                "node_locations": [
                  "europe-west1-b"
                ],
                "placement_policy": [],
                "queued_provisioning": [],
                "upgrade_settings": [
                  {
                    "blue_green_settings": [],
                    "max_surge": 1,
                    "max_unavailable": 0,
                    "strategy": "SURGE"
                  }
                ],
                "version": "1.32.4-gke.1236007"
              }
            ],
            "node_pool_auto_config": [
              {
                "network_tags": [],
                "node_kubelet_config": [
                  {
                    "insecure_kubelet_readonly_port_enabled": "FALSE"
                  }
                ],
                "resource_manager_tags": {}
              }
            ],
            "node_pool_defaults": [
              {
                "node_config_defaults": [
                  {
                    "containerd_config": [],
                    "insecure_kubelet_readonly_port_enabled": "FALSE",
                    "logging_variant": "DEFAULT"
                  }
                ]
              }
            ],
            "node_version": "1.32.4-gke.1236007",
            "notification_config": [
              {
                "pubsub": [
                  {
                    "enabled": false,
                    "filter": [],
                    "topic": ""
                  }
                ]
              }
            ],
            "operation": null,
            "private_cluster_config": [
              {
                "enable_private_endpoint": false,
                "enable_private_nodes": false,
                "master_global_access_config": [
                  {
                    "enabled": false
                  }
                ],
                "master_ipv4_cidr_block": "",
                "peering_name": "",
                "private_endpoint": "10.0.2.2",
                "private_endpoint_subnetwork": "",
                "public_endpoint": "34.76.194.230"
              }
            ],
            "private_ipv6_google_access": "",
            "project": "kubequest-462109",
            "release_channel": [
              {
                "channel": "REGULAR"
              }
            ],
            "remove_default_node_pool": true,
            "resource_labels": {},
            "resource_usage_export_config": [],
            "security_posture_config": [
              {
                "mode": "BASIC",
                "vulnerability_mode": "VULNERABILITY_MODE_UNSPECIFIED"
              }
            ],
            "self_link": "https://container.googleapis.com/v1/projects/kubequest-462109/zones/europe-west1-b/clusters/php-cluster",
            "service_external_ips_config": [
              {
                "enabled": false
              }
            ],
            "services_ipv4_cidr": "34.118.224.0/20",
            "subnetwork": "projects/kubequest-462109/regions/europe-west1/subnetworks/private-subnet",
            "timeouts": null,
            "tpu_ipv4_cidr_block": "",
            "vertical_pod_autoscaling": [],
            "workload_identity_config": []
          },
          "sensitive_attributes": [
            [
              {
                "type": "get_attr",
                "value": "master_auth"
              },
              {
                "type": "index",
                "value": {
                  "value": 0,
                  "type": "number"
                }
              },
              {
                "type": "get_attr",
                "value": "client_key"
              }
            ]
          ],
          "identity_schema_version": 0,
          "private": "eyJlMmJmYjczMC1lY2FhLTExZTYtOGY4OC0zNDM2M2JjN2M0YzAiOnsiY3JlYXRlIjoyNDAwMDAwMDAwMDAwLCJkZWxldGUiOjI0MDAwMDAwMDAwMDAsInJlYWQiOjI0MDAwMDAwMDAwMDAsInVwZGF0ZSI6MzYwMDAwMDAwMDAwMH0sInNjaGVtYV92ZXJzaW9uIjoiMiJ9",
          "dependencies": [
            "data.google_compute_network.vpc",
            "data.google_compute_subnetwork.private"
          ]
        }
      ]
    }
  ],
  "check_results": null
}
